
Microsoft Visual Studio Solution File, Format Version 12.00
# Visual Studio Version 16
VisualStudioVersion = 16.0.31829.152
MinimumVisualStudioVersion = 10.0.40219.1
Project("{FAE04EC0-301F-11D3-BF4B-00C04F79EFBC}") = "FaceRecognitionApp", "FaceRecognitionApp.csproj", "{CC486575-E185-4BDC-A0C2-6E44859F036C}"
EndProject
Global
	GlobalSection(SolutionConfigurationPlatforms) = preSolution
		Debug|Any CPU = Debug|Any CPU
		Release|Any CPU = Release|Any CPU
	EndGlobalSection
	GlobalSection(ProjectConfigurationPlatforms) = postSolution
		{CC486575-E185-4BDC-A0C2-6E44859F036C}.Debug|Any CPU.ActiveCfg = Debug|Any CPU
		{CC486575-E185-4BDC-A0C2-6E44859F036C}.Debug|Any CPU.Build.0 = Debug|Any CPU
		{CC486575-E185-4BDC-A0C2-6E44859F036C}.Release|Any CPU.ActiveCfg = Release|Any CPU
		{CC486575-E185-4BDC-A0C2-6E44859F036C}.Release|Any CPU.Build.0 = Release|Any CPU
	EndGlobalSection
	GlobalSection(SolutionProperties) = preSolution
		HideSolutionNode = FALSE
	EndGlobalSection
	GlobalSection(ExtensibilityGlobals) = postSolution
		SolutionGuid = {AD20AFF3-EB34-477E-9742-D3B6949FA0A9}
	EndGlobalSection
EndGlobal
